
Microsoft Visual Studio Solution File, Format Version 12.00
# Visual Studio 15
VisualStudioVersion = 15.0.26124.0
MinimumVisualStudioVersion = 15.0.26124.0
Project("{9A19103F-16F7-4668-BE54-9A1E7A4F7556}") = "MyDapperComp", "MyDapperComp\MyDapperComp.csproj", "{598BAF8E-B3EB-4A21-884E-57B974262457}"
EndProject
Project("{FAE04EC0-301F-11D3-BF4B-00C04F79EFBC}") = "DapperHelperTest", "DapperHelperTest\DapperHelperTest.csproj", "{8D1192D5-C336-4EF8-A6AB-432DBFA4E545}"
EndProject
Project("{FAE04EC0-301F-11D3-BF4B-00C04F79EFBC}") = "NetCore22ModelGeneration", "NetCore22ModelGeneration\NetCore22ModelGeneration.csproj", "{ED2485CC-E991-42AE-89F6-3268B273EEF4}"
EndProject
Global
	GlobalSection(SolutionConfigurationPlatforms) = preSolution
		Debug|Any CPU = Debug|Any CPU
		Debug|x64 = Debug|x64
		Debug|x86 = Debug|x86
		Release|Any CPU = Release|Any CPU
		Release|x64 = Release|x64
		Release|x86 = Release|x86
	EndGlobalSection
	GlobalSection(ProjectConfigurationPlatforms) = postSolution
		{598BAF8E-B3EB-4A21-884E-57B974262457}.Debug|Any CPU.ActiveCfg = Debug|Any CPU
		{598BAF8E-B3EB-4A21-884E-57B974262457}.Debug|Any CPU.Build.0 = Debug|Any CPU
		{598BAF8E-B3EB-4A21-884E-57B974262457}.Debug|x64.ActiveCfg = Debug|Any CPU
		{598BAF8E-B3EB-4A21-884E-57B974262457}.Debug|x64.Build.0 = Debug|Any CPU
		{598BAF8E-B3EB-4A21-884E-57B974262457}.Debug|x86.ActiveCfg = Debug|Any CPU
		{598BAF8E-B3EB-4A21-884E-57B974262457}.Debug|x86.Build.0 = Debug|Any CPU
		{598BAF8E-B3EB-4A21-884E-57B974262457}.Release|Any CPU.ActiveCfg = Release|Any CPU
		{598BAF8E-B3EB-4A21-884E-57B974262457}.Release|Any CPU.Build.0 = Release|Any CPU
		{598BAF8E-B3EB-4A21-884E-57B974262457}.Release|x64.ActiveCfg = Release|Any CPU
		{598BAF8E-B3EB-4A21-884E-57B974262457}.Release|x64.Build.0 = Release|Any CPU
		{598BAF8E-B3EB-4A21-884E-57B974262457}.Release|x86.ActiveCfg = Release|Any CPU
		{598BAF8E-B3EB-4A21-884E-57B974262457}.Release|x86.Build.0 = Release|Any CPU
		{8D1192D5-C336-4EF8-A6AB-432DBFA4E545}.Debug|Any CPU.ActiveCfg = Debug|Any CPU
		{8D1192D5-C336-4EF8-A6AB-432DBFA4E545}.Debug|Any CPU.Build.0 = Debug|Any CPU
		{8D1192D5-C336-4EF8-A6AB-432DBFA4E545}.Debug|x64.ActiveCfg = Debug|Any CPU
		{8D1192D5-C336-4EF8-A6AB-432DBFA4E545}.Debug|x64.Build.0 = Debug|Any CPU
		{8D1192D5-C336-4EF8-A6AB-432DBFA4E545}.Debug|x86.ActiveCfg = Debug|Any CPU
		{8D1192D5-C336-4EF8-A6AB-432DBFA4E545}.Debug|x86.Build.0 = Debug|Any CPU
		{8D1192D5-C336-4EF8-A6AB-432DBFA4E545}.Release|Any CPU.ActiveCfg = Release|Any CPU
		{8D1192D5-C336-4EF8-A6AB-432DBFA4E545}.Release|Any CPU.Build.0 = Release|Any CPU
		{8D1192D5-C336-4EF8-A6AB-432DBFA4E545}.Release|x64.ActiveCfg = Release|Any CPU
		{8D1192D5-C336-4EF8-A6AB-432DBFA4E545}.Release|x64.Build.0 = Release|Any CPU
		{8D1192D5-C336-4EF8-A6AB-432DBFA4E545}.Release|x86.ActiveCfg = Release|Any CPU
		{8D1192D5-C336-4EF8-A6AB-432DBFA4E545}.Release|x86.Build.0 = Release|Any CPU
		{ED2485CC-E991-42AE-89F6-3268B273EEF4}.Debug|Any CPU.ActiveCfg = Debug|Any CPU
		{ED2485CC-E991-42AE-89F6-3268B273EEF4}.Debug|Any CPU.Build.0 = Debug|Any CPU
		{ED2485CC-E991-42AE-89F6-3268B273EEF4}.Debug|x64.ActiveCfg = Debug|Any CPU
		{ED2485CC-E991-42AE-89F6-3268B273EEF4}.Debug|x64.Build.0 = Debug|Any CPU
		{ED2485CC-E991-42AE-89F6-3268B273EEF4}.Debug|x86.ActiveCfg = Debug|Any CPU
		{ED2485CC-E991-42AE-89F6-3268B273EEF4}.Debug|x86.Build.0 = Debug|Any CPU
		{ED2485CC-E991-42AE-89F6-3268B273EEF4}.Release|Any CPU.ActiveCfg = Release|Any CPU
		{ED2485CC-E991-42AE-89F6-3268B273EEF4}.Release|Any CPU.Build.0 = Release|Any CPU
		{ED2485CC-E991-42AE-89F6-3268B273EEF4}.Release|x64.ActiveCfg = Release|Any CPU
		{ED2485CC-E991-42AE-89F6-3268B273EEF4}.Release|x64.Build.0 = Release|Any CPU
		{ED2485CC-E991-42AE-89F6-3268B273EEF4}.Release|x86.ActiveCfg = Release|Any CPU
		{ED2485CC-E991-42AE-89F6-3268B273EEF4}.Release|x86.Build.0 = Release|Any CPU
	EndGlobalSection
	GlobalSection(SolutionProperties) = preSolution
		HideSolutionNode = FALSE
	EndGlobalSection
	GlobalSection(ExtensibilityGlobals) = postSolution
		SolutionGuid = {24C2D3BF-2B13-4E40-A207-353C50545D28}
	EndGlobalSection
EndGlobal
